
Microsoft Visual Studio Solution File, Format Version 12.00
# Visual Studio Version 17
VisualStudioVersion = 17.5.33103.201
MinimumVisualStudioVersion = 10.0.40219.1
Project("{9A19103F-16F7-4668-BE54-9A1E7A4F7556}") = "CvBuilder.Api", "CvBuilder.Api\CvBuilder.Api.csproj", "{4DF488C7-8821-47FF-8FD0-C8FBFCF553BA}"
EndProject
Project("{9A19103F-16F7-4668-BE54-9A1E7A4F7556}") = "CvBuilder.Core", "CvBuilder.Core\CvBuilder.Core.csproj", "{497874EB-91C3-4921-B76D-D9200BF13DA4}"
EndProject
Project("{9A19103F-16F7-4668-BE54-9A1E7A4F7556}") = "CvBuilder.AppUI", "CvBuilder.AppUI\CvBuilder.AppUI.csproj", "{4B84E131-1928-4F0C-8DFF-E08BEE8AA21D}"
EndProject
Project("{9A19103F-16F7-4668-BE54-9A1E7A4F7556}") = "CvBuilder.IntegrationTest", "CvBuilder.IntegrationTest\CvBuilder.IntegrationTest.csproj", "{F24C5DD5-E949-43D7-9AFB-D9A2D4D41317}"
EndProject
Project("{2150E333-8FDC-42A3-9474-1A3956D46DE8}") = "App", "App", "{58273E69-CDE4-432A-982A-4BA51A31796B}"
EndProject
Project("{2150E333-8FDC-42A3-9474-1A3956D46DE8}") = "Api", "Api", "{8F9FC9C4-68B5-49C6-A516-199D0F3309E3}"
EndProject
Project("{2150E333-8FDC-42A3-9474-1A3956D46DE8}") = "Testing", "Testing", "{0E7C9FF0-3489-4519-AA5A-D6FE189D0645}"
EndProject
Global
	GlobalSection(SolutionConfigurationPlatforms) = preSolution
		Debug|Any CPU = Debug|Any CPU
		Release|Any CPU = Release|Any CPU
	EndGlobalSection
	GlobalSection(ProjectConfigurationPlatforms) = postSolution
		{4DF488C7-8821-47FF-8FD0-C8FBFCF553BA}.Debug|Any CPU.ActiveCfg = Debug|Any CPU
		{4DF488C7-8821-47FF-8FD0-C8FBFCF553BA}.Debug|Any CPU.Build.0 = Debug|Any CPU
		{4DF488C7-8821-47FF-8FD0-C8FBFCF553BA}.Release|Any CPU.ActiveCfg = Release|Any CPU
		{4DF488C7-8821-47FF-8FD0-C8FBFCF553BA}.Release|Any CPU.Build.0 = Release|Any CPU
		{497874EB-91C3-4921-B76D-D9200BF13DA4}.Debug|Any CPU.ActiveCfg = Debug|Any CPU
		{497874EB-91C3-4921-B76D-D9200BF13DA4}.Debug|Any CPU.Build.0 = Debug|Any CPU
		{497874EB-91C3-4921-B76D-D9200BF13DA4}.Release|Any CPU.ActiveCfg = Release|Any CPU
		{497874EB-91C3-4921-B76D-D9200BF13DA4}.Release|Any CPU.Build.0 = Release|Any CPU
		{4B84E131-1928-4F0C-8DFF-E08BEE8AA21D}.Debug|Any CPU.ActiveCfg = Debug|Any CPU
		{4B84E131-1928-4F0C-8DFF-E08BEE8AA21D}.Debug|Any CPU.Build.0 = Debug|Any CPU
		{4B84E131-1928-4F0C-8DFF-E08BEE8AA21D}.Release|Any CPU.ActiveCfg = Release|Any CPU
		{4B84E131-1928-4F0C-8DFF-E08BEE8AA21D}.Release|Any CPU.Build.0 = Release|Any CPU
		{F24C5DD5-E949-43D7-9AFB-D9A2D4D41317}.Debug|Any CPU.ActiveCfg = Debug|Any CPU
		{F24C5DD5-E949-43D7-9AFB-D9A2D4D41317}.Debug|Any CPU.Build.0 = Debug|Any CPU
		{F24C5DD5-E949-43D7-9AFB-D9A2D4D41317}.Release|Any CPU.ActiveCfg = Release|Any CPU
		{F24C5DD5-E949-43D7-9AFB-D9A2D4D41317}.Release|Any CPU.Build.0 = Release|Any CPU
	EndGlobalSection
	GlobalSection(SolutionProperties) = preSolution
		HideSolutionNode = FALSE
	EndGlobalSection
	GlobalSection(NestedProjects) = preSolution
		{4DF488C7-8821-47FF-8FD0-C8FBFCF553BA} = {8F9FC9C4-68B5-49C6-A516-199D0F3309E3}
		{497874EB-91C3-4921-B76D-D9200BF13DA4} = {8F9FC9C4-68B5-49C6-A516-199D0F3309E3}
		{4B84E131-1928-4F0C-8DFF-E08BEE8AA21D} = {58273E69-CDE4-432A-982A-4BA51A31796B}
		{F24C5DD5-E949-43D7-9AFB-D9A2D4D41317} = {0E7C9FF0-3489-4519-AA5A-D6FE189D0645}
	EndGlobalSection
	GlobalSection(ExtensibilityGlobals) = postSolution
		SolutionGuid = {9D2AD8A0-73E2-448E-983C-ABE35654C784}
	EndGlobalSection
EndGlobal
